{
  "name": "remix-mf",
  "version": "1.0.0",
  "lockfileVersion": 3,
  "requires": true,
  "packages": {
    "": {
      "name": "remix-mf",
      "version": "1.0.0",
      "license": "ISC",
      "workspaces": [
        "packages/remix-host",
        "packages/remote"
      ]
    },
    "node_modules/remix-host": {
      "resolved": "packages/remix-host",
      "link": true
    },
    "node_modules/remote": {
      "resolved": "packages/remote",
      "link": true
    },
    "packages/remix-host": {
      "version": "1.0.0",
      "license": "ISC"
    },
    "packages/remote": {
      "version": "1.0.0",
      "license": "ISC"
    }
  }
}
